// !$*UTF8*$!
{
	archiveVersion = 1;
	classes = {
	};
	objectVersion = 46;
	objects = {

/* Begin PBXBuildFile section */
		3CBE33221BE3FC390055648D /* main.m in Sources */ = {isa = PBXBuildFile; fileRef = 3CBE33211BE3FC390055648D /* main.m */; };
		3CBE33251BE3FC3A0055648D /* AppDelegate.m in Sources */ = {isa = PBXBuildFile; fileRef = 3CBE33241BE3FC390055648D /* AppDelegate.m */; };
		3CBE33281BE3FC3A0055648D /* ViewController.m in Sources */ = {isa = PBXBuildFile; fileRef = 3CBE33271BE3FC3A0055648D /* ViewController.m */; };
		3CBE332B1BE3FC3A0055648D /* Main.storyboard in Resources */ = {isa = PBXBuildFile; fileRef = 3CBE33291BE3FC3A0055648D /* Main.storyboard */; };
		3CBE332D1BE3FC3A0055648D /* Assets.xcassets in Resources */ = {isa = PBXBuildFile; fileRef = 3CBE332C1BE3FC3A0055648D /* Assets.xcassets */; };
		3CBE33301BE3FC3A0055648D /* LaunchScreen.storyboard in Resources */ = {isa = PBXBuildFile; fileRef = 3CBE332E1BE3FC3A0055648D /* LaunchScreen.storyboard */; };
		3CBE333B1BE3FC3A0055648D /* CATalogTests.m in Sources */ = {isa = PBXBuildFile; fileRef = 3CBE333A1BE3FC3A0055648D /* CATalogTests.m */; };
		3CBE33461BE40F140055648D /* DiscogsAPI in Resources */ = {isa = PBXBuildFile; fileRef = 3CBE33451BE40F140055648D /* DiscogsAPI */; };
/* End PBXBuildFile section */

/* Begin PBXContainerItemProxy section */
		3CBE33371BE3FC3A0055648D /* PBXContainerItemProxy */ = {
			isa = PBXContainerItemProxy;
			containerPortal = 3CBE33151BE3FC390055648D /* Project object */;
			proxyType = 1;
			remoteGlobalIDString = 3CBE331C1BE3FC390055648D;
			remoteInfo = CATalog;
		};
/* End PBXContainerItemProxy section */

/* Begin PBXFileReference section */
		3CBE331D1BE3FC390055648D /* CATalog.app */ = {isa = PBXFileReference; explicitFileType = wrapper.application; includeInIndex = 0; path = CATalog.app; sourceTree = BUILT_PRODUCTS_DIR; };
		3CBE33211BE3FC390055648D /* main.m */ = {isa = PBXFileReference; lastKnownFileType = sourcecode.c.objc; path = main.m; sourceTree = "<group>"; };
		3CBE33231BE3FC390055648D /* AppDelegate.h */ = {isa = PBXFileReference; lastKnownFileType = sourcecode.c.h; path = AppDelegate.h; sourceTree = "<group>"; };
		3CBE33241BE3FC390055648D /* AppDelegate.m */ = {isa = PBXFileReference; lastKnownFileType = sourcecode.c.objc; path = AppDelegate.m; sourceTree = "<group>"; };
		3CBE33261BE3FC3A0055648D /* ViewController.h */ = {isa = PBXFileReference; lastKnownFileType = sourcecode.c.h; path = ViewController.h; sourceTree = "<group>"; };
		3CBE33271BE3FC3A0055648D /* ViewController.m */ = {isa = PBXFileReference; lastKnownFileType = sourcecode.c.objc; path = ViewController.m; sourceTree = "<group>"; };
		3CBE332A1BE3FC3A0055648D /* Base */ = {isa = PBXFileReference; lastKnownFileType = file.storyboard; name = Base; path = Base.lproj/Main.storyboard; sourceTree = "<group>"; };
		3CBE332C1BE3FC3A0055648D /* Assets.xcassets */ = {isa = PBXFileReference; lastKnownFileType = folder.assetcatalog; path = Assets.xcassets; sourceTree = "<group>"; };
		3CBE332F1BE3FC3A0055648D /* Base */ = {isa = PBXFileReference; lastKnownFileType = file.storyboard; name = Base; path = Base.lproj/LaunchScreen.storyboard; sourceTree = "<group>"; };
		3CBE33311BE3FC3A0055648D /* Info.plist */ = {isa = PBXFileReference; lastKnownFileType = text.plist.xml; path = Info.plist; sourceTree = "<group>"; };
		3CBE33361BE3FC3A0055648D /* CATalogTests.xctest */ = {isa = PBXFileReference; explicitFileType = wrapper.cfbundle; includeInIndex = 0; path = CATalogTests.xctest; sourceTree = BUILT_PRODUCTS_DIR; };
		3CBE333A1BE3FC3A0055648D /* CATalogTests.m */ = {isa = PBXFileReference; lastKnownFileType = sourcecode.c.objc; path = CATalogTests.m; sourceTree = "<group>"; };
		3CBE333C1BE3FC3A0055648D /* Info.plist */ = {isa = PBXFileReference; lastKnownFileType = text.plist.xml; path = Info.plist; sourceTree = "<group>"; };
		3CBE33451BE40F140055648D /* DiscogsAPI */ = {isa = PBXFileReference; lastKnownFileType = folder; path = DiscogsAPI; sourceTree = "<group>"; };
/* End PBXFileReference section */

/* Begin PBXFrameworksBuildPhase section */
		3CBE331A1BE3FC390055648D /* Frameworks */ = {
			isa = PBXFrameworksBuildPhase;
			buildActionMask = 2147483647;
			files = (
			);
			runOnlyForDeploymentPostprocessing = 0;
		};
		3CBE33331BE3FC3A0055648D /* Frameworks */ = {
			isa = PBXFrameworksBuildPhase;
			buildActionMask = 2147483647;
			files = (
			);
			runOnlyForDeploymentPostprocessing = 0;
		};
/* End PBXFrameworksBuildPhase section */

/* Begin PBXGroup section */
		3CBE33141BE3FC390055648D = {
			isa = PBXGroup;
			children = (
				3CBE331F1BE3FC390055648D /* CATalog */,
				3CBE33391BE3FC3A0055648D /* CATalogTests */,
				3CBE331E1BE3FC390055648D /* Products */,
				3CBE33451BE40F140055648D /* DiscogsAPI */,
			);
			sourceTree = "<group>";
		};
		3CBE331E1BE3FC390055648D /* Products */ = {
			isa = PBXGroup;
			children = (
				3CBE331D1BE3FC390055648D /* CATalog.app */,
				3CBE33361BE3FC3A0055648D /* CATalogTests.xctest */,
			);
			name = Products;
			sourceTree = "<group>";
		};
		3CBE331F1BE3FC390055648D /* CATalog */ = {
			isa = PBXGroup;
			children = (
				3CBE33231BE3FC390055648D /* AppDelegate.h */,
				3CBE33241BE3FC390055648D /* AppDelegate.m */,
				3CBE33261BE3FC3A0055648D /* ViewController.h */,
				3CBE33271BE3FC3A0055648D /* ViewController.m */,
				3CBE33291BE3FC3A0055648D /* Main.storyboard */,
				3CBE332C1BE3FC3A0055648D /* Assets.xcassets */,
				3CBE332E1BE3FC3A0055648D /* LaunchScreen.storyboard */,
				3CBE33311BE3FC3A0055648D /* Info.plist */,
				3CBE33201BE3FC390055648D /* Supporting Files */,
			);
			path = CATalog;
			sourceTree = "<group>";
		};
		3CBE33201BE3FC390055648D /* Supporting Files */ = {
			isa = PBXGroup;
			children = (
				3CBE33211BE3FC390055648D /* main.m */,
			);
			name = "Supporting Files";
			sourceTree = "<group>";
		};
		3CBE33391BE3FC3A0055648D /* CATalogTests */ = {
			isa = PBXGroup;
			children = (
				3CBE333A1BE3FC3A0055648D /* CATalogTests.m */,
				3CBE333C1BE3FC3A0055648D /* Info.plist */,
			);
			path = CATalogTests;
			sourceTree = "<group>";
		};
/* End PBXGroup section */

/* Begin PBXNativeTarget section */
		3CBE331C1BE3FC390055648D /* CATalog */ = {
			isa = PBXNativeTarget;
			buildConfigurationList = 3CBE333F1BE3FC3A0055648D /* Build configuration list for PBXNativeTarget "CATalog" */;
			buildPhases = (
				3CBE33191BE3FC390055648D /* Sources */,
				3CBE331A1BE3FC390055648D /* Frameworks */,
				3CBE331B1BE3FC390055648D /* Resources */,
			);
			buildRules = (
			);
			dependencies = (
			);
			name = CATalog;
			productName = CATalog;
			productReference = 3CBE331D1BE3FC390055648D /* CATalog.app */;
			productType = "com.apple.product-type.application";
		};
		3CBE33351BE3FC3A0055648D /* CATalogTests */ = {
			isa = PBXNativeTarget;
			buildConfigurationList = 3CBE33421BE3FC3A0055648D /* Build configuration list for PBXNativeTarget "CATalogTests" */;
			buildPhases = (
				3CBE33321BE3FC3A0055648D /* Sources */,
				3CBE33331BE3FC3A0055648D /* Frameworks */,
				3CBE33341BE3FC3A0055648D /* Resources */,
			);
			buildRules = (
			);
			dependencies = (
				3CBE33381BE3FC3A0055648D /* PBXTargetDependency */,
			);
			name = CATalogTests;
			productName = CATalogTests;
			productReference = 3CBE33361BE3FC3A0055648D /* CATalogTests.xctest */;
			productType = "com.apple.product-type.bundle.unit-test";
		};
/* End PBXNativeTarget section */

/* Begin PBXProject section */
		3CBE33151BE3FC390055648D /* Project object */ = {
			isa = PBXProject;
			attributes = {
				LastUpgradeCheck = 0710;
				ORGANIZATIONNAME = Kirsten;
				TargetAttributes = {
					3CBE331C1BE3FC390055648D = {
						CreatedOnToolsVersion = 7.1;
					};
					3CBE33351BE3FC3A0055648D = {
						CreatedOnToolsVersion = 7.1;
						TestTargetID = 3CBE331C1BE3FC390055648D;
					};
				};
			};
			buildConfigurationList = 3CBE33181BE3FC390055648D /* Build configuration list for PBXProject "CATalog" */;
			compatibilityVersion = "Xcode 3.2";
			developmentRegion = English;
			hasScannedForEncodings = 0;
			knownRegions = (
				en,
				Base,
			);
			mainGroup = 3CBE33141BE3FC390055648D;
			productRefGroup = 3CBE331E1BE3FC390055648D /* Products */;
			projectDirPath = "";
			projectRoot = "";
			targets = (
				3CBE331C1BE3FC390055648D /* CATalog */,
				3CBE33351BE3FC3A0055648D /* CATalogTests */,
			);
		};
/* End PBXProject section */

/* Begin PBXResourcesBuildPhase section */
		3CBE331B1BE3FC390055648D /* Resources */ = {
			isa = PBXResourcesBuildPhase;
			buildActionMask = 2147483647;
			files = (
				3CBE33461BE40F140055648D /* DiscogsAPI in Resources */,
				3CBE33301BE3FC3A0055648D /* LaunchScreen.storyboard in Resources */,
				3CBE332D1BE3FC3A0055648D /* Assets.xcassets in Resources */,
				3CBE332B1BE3FC3A0055648D /* Main.storyboard in Resources */,
			);
			runOnlyForDeploymentPostprocessing = 0;
		};
		3CBE33341BE3FC3A0055648D /* Resources */ = {
			isa = PBXResourcesBuildPhase;
			buildActionMask = 2147483647;
			files = (
			);
			runOnlyForDeploymentPostprocessing = 0;
		};
/* End PBXResourcesBuildPhase section */

/* Begin PBXSourcesBuildPhase section */
		3CBE33191BE3FC390055648D /* Sources */ = {
			isa = PBXSourcesBuildPhase;
			buildActionMask = 2147483647;
			files = (
				3CBE33281BE3FC3A0055648D /* ViewController.m in Sources */,
				3CBE33251BE3FC3A0055648D /* AppDelegate.m in Sources */,
				3CBE33221BE3FC390055648D /* main.m in Sources */,
			);
			runOnlyForDeploymentPostprocessing = 0;
		};
		3CBE33321BE3FC3A0055648D /* Sources */ = {
			isa = PBXSourcesBuildPhase;
			buildActionMask = 2147483647;
			files = (
				3CBE333B1BE3FC3A0055648D /* CATalogTests.m in Sources */,
			);
			runOnlyForDeploymentPostprocessing = 0;
		};
/* End PBXSourcesBuildPhase section */

/* Begin PBXTargetDependency section */
		3CBE33381BE3FC3A0055648D /* PBXTargetDependency */ = {
			isa = PBXTargetDependency;
			target = 3CBE331C1BE3FC390055648D /* CATalog */;
			targetProxy = 3CBE33371BE3FC3A0055648D /* PBXContainerItemProxy */;
		};
/* End PBXTargetDependency section */

/* Begin PBXVariantGroup section */
		3CBE33291BE3FC3A0055648D /* Main.storyboard */ = {
			isa = PBXVariantGroup;
			children = (
				3CBE332A1BE3FC3A0055648D /* Base */,
			);
			name = Main.storyboard;
			sourceTree = "<group>";
		};
		3CBE332E1BE3FC3A0055648D /* LaunchScreen.storyboard */ = {
			isa = PBXVariantGroup;
			children = (
				3CBE332F1BE3FC3A0055648D /* Base */,
			);
			name = LaunchScreen.storyboard;
			sourceTree = "<group>";
		};
/* End PBXVariantGroup section */

/* Begin XCBuildConfiguration section */
		3CBE333D1BE3FC3A0055648D /* Debug */ = {
			isa = XCBuildConfiguration;
			buildSettings = {
				ALWAYS_SEARCH_USER_PATHS = NO;
				CLANG_CXX_LANGUAGE_STANDARD = "gnu++0x";
				CLANG_CXX_LIBRARY = "libc++";
				CLANG_ENABLE_MODULES = YES;
				CLANG_ENABLE_OBJC_ARC = YES;
				CLANG_WARN_BOOL_CONVERSION = YES;
				CLANG_WARN_CONSTANT_CONVERSION = YES;
				CLANG_WARN_DIRECT_OBJC_ISA_USAGE = YES_ERROR;
				CLANG_WARN_EMPTY_BODY = YES;
				CLANG_WARN_ENUM_CONVERSION = YES;
				CLANG_WARN_INT_CONVERSION = YES;
				CLANG_WARN_OBJC_ROOT_CLASS = YES_ERROR;
				CLANG_WARN_UNREACHABLE_CODE = YES;
				CLANG_WARN__DUPLICATE_METHOD_MATCH = YES;
				"CODE_SIGN_IDENTITY[sdk=iphoneos*]" = "iPhone Developer";
				COPY_PHASE_STRIP = NO;
				DEBUG_INFORMATION_FORMAT = dwarf;
				ENABLE_STRICT_OBJC_MSGSEND = YES;
				ENABLE_TESTABILITY = YES;
				GCC_C_LANGUAGE_STANDARD = gnu99;
				GCC_DYNAMIC_NO_PIC = NO;
				GCC_NO_COMMON_BLOCKS = YES;
				GCC_OPTIMIZATION_LEVEL = 0;
				GCC_PREPROCESSOR_DEFINITIONS = (
					"DEBUG=1",
					"$(inherited)",
				);
				GCC_WARN_64_TO_32_BIT_CONVERSION = YES;
				GCC_WARN_ABOUT_RETURN_TYPE = YES_ERROR;
				GCC_WARN_UNDECLARED_SELECTOR = YES;
				GCC_WARN_UNINITIALIZED_AUTOS = YES_AGGRESSIVE;
				GCC_WARN_UNUSED_FUNCTION = YES;
				GCC_WARN_UNUSED_VARIABLE = YES;
				IPHONEOS_DEPLOYMENT_TARGET = 9.1;
				MTL_ENABLE_DEBUG_INFO = YES;
				ONLY_ACTIVE_ARCH = YES;
				SDKROOT = iphoneos;
				TARGETED_DEVICE_FAMILY = "1,2";
			};
			name = Debug;
		};
		3CBE333E1BE3FC3A0055648D /* Release */ = {
			isa = XCBuildConfiguration;
			buildSettings = {
				ALWAYS_SEARCH_USER_PATHS = NO;
				CLANG_CXX_LANGUAGE_STANDARD = "gnu++0x";
				CLANG_CXX_LIBRARY = "libc++";
				CLANG_ENABLE_MODULES = YES;
				CLANG_ENABLE_OBJC_ARC = YES;
				CLANG_WARN_BOOL_CONVERSION = YES;
				CLANG_WARN_CONSTANT_CONVERSION = YES;
				CLANG_WARN_DIRECT_OBJC_ISA_USAGE = YES_ERROR;
				CLANG_WARN_EMPTY_BODY = YES;
				CLANG_WARN_ENUM_CONVERSION = YES;
				CLANG_WARN_INT_CONVERSION = YES;
				CLANG_WARN_OBJC_ROOT_CLASS = YES_ERROR;
				CLANG_WARN_UNREACHABLE_CODE = YES;
				CLANG_WARN__DUPLICATE_METHOD_MATCH = YES;
				"CODE_SIGN_IDENTITY[sdk=iphoneos*]" = "iPhone Developer";
				COPY_PHASE_STRIP = NO;
				DEBUG_INFORMATION_FORMAT = "dwarf-with-dsym";
				ENABLE_NS_ASSERTIONS = NO;
				ENABLE_STRICT_OBJC_MSGSEND = YES;
				GCC_C_LANGUAGE_STANDARD = gnu99;
				GCC_NO_COMMON_BLOCKS = YES;
				GCC_WARN_64_TO_32_BIT_CONVERSION = YES;
				GCC_WARN_ABOUT_RETURN_TYPE = YES_ERROR;
				GCC_WARN_UNDECLARED_SELECTOR = YES;
				GCC_WARN_UNINITIALIZED_AUTOS = YES_AGGRESSIVE;
				GCC_WARN_UNUSED_FUNCTION = YES;
				GCC_WARN_UNUSED_VARIABLE = YES;
				IPHONEOS_DEPLOYMENT_TARGET = 9.1;
				MTL_ENABLE_DEBUG_INFO = NO;
				SDKROOT = iphoneos;
				TARGETED_DEVICE_FAMILY = "1,2";
				VALIDATE_PRODUCT = YES;
			};
			name = Release;
		};
		3CBE33401BE3FC3A0055648D /* Debug */ = {
			isa = XCBuildConfiguration;
			buildSettings = {
				ASSETCATALOG_COMPILER_APPICON_NAME = AppIcon;
				INFOPLIST_FILE = CATalog/Info.plist;
				LD_RUNPATH_SEARCH_PATHS = "$(inherited) @executable_path/Frameworks";
				PRODUCT_BUNDLE_IDENTIFIER = io.stoller.CATalog;
				PRODUCT_NAME = "$(TARGET_NAME)";
			};
			name = Debug;
		};
		3CBE33411BE3FC3A0055648D /* Release */ = {
			isa = XCBuildConfiguration;
			buildSettings = {
				ASSETCATALOG_COMPILER_APPICON_NAME = AppIcon;
				INFOPLIST_FILE = CATalog/Info.plist;
				LD_RUNPATH_SEARCH_PATHS = "$(inherited) @executable_path/Frameworks";
				PRODUCT_BUNDLE_IDENTIFIER = io.stoller.CATalog;
				PRODUCT_NAME = "$(TARGET_NAME)";
			};
			name = Release;
		};
		3CBE33431BE3FC3A0055648D /* Debug */ = {
			isa = XCBuildConfiguration;
			buildSettings = {
				BUNDLE_LOADER = "$(TEST_HOST)";
				INFOPLIST_FILE = CATalogTests/Info.plist;
				LD_RUNPATH_SEARCH_PATHS = "$(inherited) @executable_path/Frameworks @loader_path/Frameworks";
				PRODUCT_BUNDLE_IDENTIFIER = io.stoller.CATalogTests;
				PRODUCT_NAME = "$(TARGET_NAME)";
				TEST_HOST = "$(BUILT_PRODUCTS_DIR)/CATalog.app/CATalog";
			};
			name = Debug;
		};
		3CBE33441BE3FC3A0055648D /* Release */ = {
			isa = XCBuildConfiguration;
			buildSettings = {
				BUNDLE_LOADER = "$(TEST_HOST)";
				INFOPLIST_FILE = CATalogTests/Info.plist;
				LD_RUNPATH_SEARCH_PATHS = "$(inherited) @executable_path/Frameworks @loader_path/Frameworks";
				PRODUCT_BUNDLE_IDENTIFIER = io.stoller.CATalogTests;
				PRODUCT_NAME = "$(TARGET_NAME)";
				TEST_HOST = "$(BUILT_PRODUCTS_DIR)/CATalog.app/CATalog";
			};
			name = Release;
		};
/* End XCBuildConfiguration section */

/* Begin XCConfigurationList section */
		3CBE33181BE3FC390055648D /* Build configuration list for PBXProject "CATalog" */ = {
			isa = XCConfigurationList;
			buildConfigurations = (
				3CBE333D1BE3FC3A0055648D /* Debug */,
				3CBE333E1BE3FC3A0055648D /* Release */,
			);
			defaultConfigurationIsVisible = 0;
			defaultConfigurationName = Release;
		};
		3CBE333F1BE3FC3A0055648D /* Build configuration list for PBXNativeTarget "CATalog" */ = {
			isa = XCConfigurationList;
			buildConfigurations = (
				3CBE33401BE3FC3A0055648D /* Debug */,
				3CBE33411BE3FC3A0055648D /* Release */,
			);
			defaultConfigurationIsVisible = 0;
		};
		3CBE33421BE3FC3A0055648D /* Build configuration list for PBXNativeTarget "CATalogTests" */ = {
			isa = XCConfigurationList;
			buildConfigurations = (
				3CBE33431BE3FC3A0055648D /* Debug */,
				3CBE33441BE3FC3A0055648D /* Release */,
			);
			defaultConfigurationIsVisible = 0;
		};
/* End XCConfigurationList section */
	};
	rootObject = 3CBE33151BE3FC390055648D /* Project object */;
}
